{
  "version": 4,
  "terraform_version": "1.12.1",
  "serial": 8,
  "lineage": "c2abf5ba-dc5c-2eb9-9bfc-2e5fbe4c14b3",
  "outputs": {
    "snowflake_user": {
      "value": "Githubaction",
      "type": "string"
    }
  },
  "resources": [
    {
      "mode": "managed",
      "type": "snowflake_database",
      "name": "example_db",
      "provider": "provider[\"registry.terraform.io/snowflake-labs/snowflake\"]",
      "instances": [
        {
          "schema_version": 0,
          "attributes": {
            "comment": "Database created via Terraform",
            "data_retention_time_in_days": 1,
            "from_database": null,
            "from_replica": null,
            "from_share": null,
            "id": "MY_TERRAFORM_DB",
            "is_transient": false,
            "name": "MY_TERRAFORM_DB",
            "replication_configuration": []
          },
          "sensitive_attributes": [],
          "identity_schema_version": 0,
          "private": "bnVsbA=="
        }
      ]
    }
  ],
  "check_results": null
}
